
Microsoft Visual Studio Solution File, Format Version 12.00
# Visual Studio Version 17
VisualStudioVersion = 17.3.32811.315
MinimumVisualStudioVersion = 10.0.40219.1
Project("{FAE04EC0-301F-11D3-BF4B-00C04F79EFBC}") = "maze-game", "maze-game\maze-game.csproj", "{AA9C7820-D125-433B-9E54-8A4D74C44B97}"
EndProject
Global
	GlobalSection(SolutionConfigurationPlatforms) = preSolution
		Debug|Any CPU = Debug|Any CPU
		Release|Any CPU = Release|Any CPU
	EndGlobalSection
	GlobalSection(ProjectConfigurationPlatforms) = postSolution
		{AA9C7820-D125-433B-9E54-8A4D74C44B97}.Debug|Any CPU.ActiveCfg = Debug|Any CPU
		{AA9C7820-D125-433B-9E54-8A4D74C44B97}.Debug|Any CPU.Build.0 = Debug|Any CPU
		{AA9C7820-D125-433B-9E54-8A4D74C44B97}.Release|Any CPU.ActiveCfg = Release|Any CPU
		{AA9C7820-D125-433B-9E54-8A4D74C44B97}.Release|Any CPU.Build.0 = Release|Any CPU
	EndGlobalSection
	GlobalSection(SolutionProperties) = preSolution
		HideSolutionNode = FALSE
	EndGlobalSection
	GlobalSection(ExtensibilityGlobals) = postSolution
		SolutionGuid = {072B6176-6105-4364-9FFA-E56899B98F6A}
	EndGlobalSection
EndGlobal
